
Microsoft Visual Studio Solution File, Format Version 12.00
# Visual Studio 15
VisualStudioVersion = 15.0.27703.2000
MinimumVisualStudioVersion = 10.0.40219.1
Project("{FAE04EC0-301F-11D3-BF4B-00C04F79EFBC}") = "InterviewTask.BusinessLogic", "InterviewTask.BusinessLogic\InterviewTask.BusinessLogic.csproj", "{D7A9204C-CB39-4089-9E79-2A811EDF52C5}"
EndProject
Project("{FAE04EC0-301F-11D3-BF4B-00C04F79EFBC}") = "InterviewTask.BusinessLogic.Tests", "InterviewTask.BusinessLogic.Tests\InterviewTask.BusinessLogic.Tests.csproj", "{B2559DD1-2A5D-4191-81AF-1276D08A6815}"
EndProject
Project("{FAE04EC0-301F-11D3-BF4B-00C04F79EFBC}") = "InterviewTask.DataAccess", "InterviewTask.DataAccess\InterviewTask.DataAccess.csproj", "{5C701AF1-5E6B-4B7A-9B87-0725671FBED8}"
EndProject
Project("{FAE04EC0-301F-11D3-BF4B-00C04F79EFBC}") = "InterviewTask.PresentationLayer", "InterviewTask.PresentationLayer\InterviewTask.PresentationLayer.csproj", "{D4B7AAE6-74C4-44D6-854C-48CBD98FFB26}"
EndProject
Global
	GlobalSection(SolutionConfigurationPlatforms) = preSolution
		Debug|Any CPU = Debug|Any CPU
		Release|Any CPU = Release|Any CPU
	EndGlobalSection
	GlobalSection(ProjectConfigurationPlatforms) = postSolution
		{D7A9204C-CB39-4089-9E79-2A811EDF52C5}.Debug|Any CPU.ActiveCfg = Debug|Any CPU
		{D7A9204C-CB39-4089-9E79-2A811EDF52C5}.Debug|Any CPU.Build.0 = Debug|Any CPU
		{D7A9204C-CB39-4089-9E79-2A811EDF52C5}.Release|Any CPU.ActiveCfg = Release|Any CPU
		{D7A9204C-CB39-4089-9E79-2A811EDF52C5}.Release|Any CPU.Build.0 = Release|Any CPU
		{B2559DD1-2A5D-4191-81AF-1276D08A6815}.Debug|Any CPU.ActiveCfg = Debug|Any CPU
		{B2559DD1-2A5D-4191-81AF-1276D08A6815}.Debug|Any CPU.Build.0 = Debug|Any CPU
		{B2559DD1-2A5D-4191-81AF-1276D08A6815}.Release|Any CPU.ActiveCfg = Release|Any CPU
		{B2559DD1-2A5D-4191-81AF-1276D08A6815}.Release|Any CPU.Build.0 = Release|Any CPU
		{5C701AF1-5E6B-4B7A-9B87-0725671FBED8}.Debug|Any CPU.ActiveCfg = Debug|Any CPU
		{5C701AF1-5E6B-4B7A-9B87-0725671FBED8}.Debug|Any CPU.Build.0 = Debug|Any CPU
		{5C701AF1-5E6B-4B7A-9B87-0725671FBED8}.Release|Any CPU.ActiveCfg = Release|Any CPU
		{5C701AF1-5E6B-4B7A-9B87-0725671FBED8}.Release|Any CPU.Build.0 = Release|Any CPU
		{D4B7AAE6-74C4-44D6-854C-48CBD98FFB26}.Debug|Any CPU.ActiveCfg = Debug|Any CPU
		{D4B7AAE6-74C4-44D6-854C-48CBD98FFB26}.Debug|Any CPU.Build.0 = Debug|Any CPU
		{D4B7AAE6-74C4-44D6-854C-48CBD98FFB26}.Release|Any CPU.ActiveCfg = Release|Any CPU
		{D4B7AAE6-74C4-44D6-854C-48CBD98FFB26}.Release|Any CPU.Build.0 = Release|Any CPU
	EndGlobalSection
	GlobalSection(SolutionProperties) = preSolution
		HideSolutionNode = FALSE
	EndGlobalSection
	GlobalSection(ExtensibilityGlobals) = postSolution
		SolutionGuid = {C0B3A4D5-17A3-47C6-A04D-81D2DA16B091}
	EndGlobalSection
EndGlobal
